// !$*UTF8*$!
{
	archiveVersion = 1;
	classes = {
	};
	objectVersion = 56;
	objects = {

/* Begin PBXBuildFile section */
		9B3BCE162BED2767000C6057 /* AppDelegate.swift in Sources */ = {isa = PBXBuildFile; fileRef = 9B3BCE152BED2767000C6057 /* AppDelegate.swift */; };
		9B3BCE182BED2767000C6057 /* SceneDelegate.swift in Sources */ = {isa = PBXBuildFile; fileRef = 9B3BCE172BED2767000C6057 /* SceneDelegate.swift */; };
		9B3BCE1A2BED2767000C6057 /* MainTabBarViewController.swift in Sources */ = {isa = PBXBuildFile; fileRef = 9B3BCE192BED2767000C6057 /* MainTabBarViewController.swift */; };
		9B3BCE1F2BED2769000C6057 /* Assets.xcassets in Resources */ = {isa = PBXBuildFile; fileRef = 9B3BCE1E2BED2769000C6057 /* Assets.xcassets */; };
		9B3BCE222BED2769000C6057 /* Base in Resources */ = {isa = PBXBuildFile; fileRef = 9B3BCE212BED2769000C6057 /* Base */; };
		9B3BCE2B2BED2953000C6057 /* HomeViewController.swift in Sources */ = {isa = PBXBuildFile; fileRef = 9B3BCE2A2BED2953000C6057 /* HomeViewController.swift */; };
		9B3BCE2D2BED2988000C6057 /* UpcomingViewController.swift in Sources */ = {isa = PBXBuildFile; fileRef = 9B3BCE2C2BED2988000C6057 /* UpcomingViewController.swift */; };
		9B3BCE2F2BED299C000C6057 /* SearchViewController.swift in Sources */ = {isa = PBXBuildFile; fileRef = 9B3BCE2E2BED299C000C6057 /* SearchViewController.swift */; };
		9B3BCE312BED29BC000C6057 /* DownloadsViewController.swift in Sources */ = {isa = PBXBuildFile; fileRef = 9B3BCE302BED29BC000C6057 /* DownloadsViewController.swift */; };
		9B3BCE382BED3002000C6057 /* CollectionTableViewCell.swift in Sources */ = {isa = PBXBuildFile; fileRef = 9B3BCE372BED3002000C6057 /* CollectionTableViewCell.swift */; };
		9B3BCE3A2BEDD417000C6057 /* HeroHeaderUIView.swift in Sources */ = {isa = PBXBuildFile; fileRef = 9B3BCE392BEDD417000C6057 /* HeroHeaderUIView.swift */; };
		9B3DED712BFF206400AA9D66 /* Extensions.swift in Sources */ = {isa = PBXBuildFile; fileRef = 9B3DED702BFF206400AA9D66 /* Extensions.swift */; };
		9B3DED752BFF277500AA9D66 /* TitleCollectionViewCell.swift in Sources */ = {isa = PBXBuildFile; fileRef = 9B3DED742BFF277500AA9D66 /* TitleCollectionViewCell.swift */; };
		9B3DED782BFF297400AA9D66 /* SDWebImage in Frameworks */ = {isa = PBXBuildFile; productRef = 9B3DED772BFF297400AA9D66 /* SDWebImage */; };
		9B3DED7A2BFF297400AA9D66 /* SDWebImageMapKit in Frameworks */ = {isa = PBXBuildFile; productRef = 9B3DED792BFF297400AA9D66 /* SDWebImageMapKit */; };
		9B3DED7C2BFF36AF00AA9D66 /* TitleTableViewCell.swift in Sources */ = {isa = PBXBuildFile; fileRef = 9B3DED7B2BFF36AF00AA9D66 /* TitleTableViewCell.swift */; };
		9B3DED7E2BFF39E300AA9D66 /* TitleViewModel.swift in Sources */ = {isa = PBXBuildFile; fileRef = 9B3DED7D2BFF39E300AA9D66 /* TitleViewModel.swift */; };
		9BBBA5C92BF9FEE000943DC9 /* APICaller.swift in Sources */ = {isa = PBXBuildFile; fileRef = 9BBBA5C82BF9FEE000943DC9 /* APICaller.swift */; };
		9BBBA5CB2BFA035B00943DC9 /* Title.swift in Sources */ = {isa = PBXBuildFile; fileRef = 9BBBA5CA2BFA035B00943DC9 /* Title.swift */; };
/* End PBXBuildFile section */

/* Begin PBXFileReference section */
		9B3BCE122BED2767000C6057 /* Netflix Clone.app */ = {isa = PBXFileReference; explicitFileType = wrapper.application; includeInIndex = 0; path = "Netflix Clone.app"; sourceTree = BUILT_PRODUCTS_DIR; };
		9B3BCE152BED2767000C6057 /* AppDelegate.swift */ = {isa = PBXFileReference; lastKnownFileType = sourcecode.swift; path = AppDelegate.swift; sourceTree = "<group>"; };
		9B3BCE172BED2767000C6057 /* SceneDelegate.swift */ = {isa = PBXFileReference; lastKnownFileType = sourcecode.swift; path = SceneDelegate.swift; sourceTree = "<group>"; };
		9B3BCE192BED2767000C6057 /* MainTabBarViewController.swift */ = {isa = PBXFileReference; lastKnownFileType = sourcecode.swift; path = MainTabBarViewController.swift; sourceTree = "<group>"; };
		9B3BCE1E2BED2769000C6057 /* Assets.xcassets */ = {isa = PBXFileReference; lastKnownFileType = folder.assetcatalog; path = Assets.xcassets; sourceTree = "<group>"; };
		9B3BCE212BED2769000C6057 /* Base */ = {isa = PBXFileReference; lastKnownFileType = file.storyboard; name = Base; path = Base.lproj/LaunchScreen.storyboard; sourceTree = "<group>"; };
		9B3BCE232BED2769000C6057 /* Info.plist */ = {isa = PBXFileReference; lastKnownFileType = text.plist.xml; path = Info.plist; sourceTree = "<group>"; };
		9B3BCE2A2BED2953000C6057 /* HomeViewController.swift */ = {isa = PBXFileReference; lastKnownFileType = sourcecode.swift; path = HomeViewController.swift; sourceTree = "<group>"; };
		9B3BCE2C2BED2988000C6057 /* UpcomingViewController.swift */ = {isa = PBXFileReference; lastKnownFileType = sourcecode.swift; path = UpcomingViewController.swift; sourceTree = "<group>"; };
		9B3BCE2E2BED299C000C6057 /* SearchViewController.swift */ = {isa = PBXFileReference; lastKnownFileType = sourcecode.swift; path = SearchViewController.swift; sourceTree = "<group>"; };
		9B3BCE302BED29BC000C6057 /* DownloadsViewController.swift */ = {isa = PBXFileReference; lastKnownFileType = sourcecode.swift; path = DownloadsViewController.swift; sourceTree = "<group>"; };
		9B3BCE372BED3002000C6057 /* CollectionTableViewCell.swift */ = {isa = PBXFileReference; lastKnownFileType = sourcecode.swift; path = CollectionTableViewCell.swift; sourceTree = "<group>"; };
		9B3BCE392BEDD417000C6057 /* HeroHeaderUIView.swift */ = {isa = PBXFileReference; lastKnownFileType = sourcecode.swift; path = HeroHeaderUIView.swift; sourceTree = "<group>"; };
		9B3DED702BFF206400AA9D66 /* Extensions.swift */ = {isa = PBXFileReference; lastKnownFileType = sourcecode.swift; path = Extensions.swift; sourceTree = "<group>"; };
		9B3DED742BFF277500AA9D66 /* TitleCollectionViewCell.swift */ = {isa = PBXFileReference; lastKnownFileType = sourcecode.swift; path = TitleCollectionViewCell.swift; sourceTree = "<group>"; };
		9B3DED7B2BFF36AF00AA9D66 /* TitleTableViewCell.swift */ = {isa = PBXFileReference; lastKnownFileType = sourcecode.swift; path = TitleTableViewCell.swift; sourceTree = "<group>"; };
		9B3DED7D2BFF39E300AA9D66 /* TitleViewModel.swift */ = {isa = PBXFileReference; lastKnownFileType = sourcecode.swift; path = TitleViewModel.swift; sourceTree = "<group>"; };
		9BBBA5C82BF9FEE000943DC9 /* APICaller.swift */ = {isa = PBXFileReference; lastKnownFileType = sourcecode.swift; path = APICaller.swift; sourceTree = "<group>"; };
		9BBBA5CA2BFA035B00943DC9 /* Title.swift */ = {isa = PBXFileReference; lastKnownFileType = sourcecode.swift; path = Title.swift; sourceTree = "<group>"; };
/* End PBXFileReference section */

/* Begin PBXFrameworksBuildPhase section */
		9B3BCE0F2BED2767000C6057 /* Frameworks */ = {
			isa = PBXFrameworksBuildPhase;
			buildActionMask = 2147483647;
			files = (
				9B3DED7A2BFF297400AA9D66 /* SDWebImageMapKit in Frameworks */,
				9B3DED782BFF297400AA9D66 /* SDWebImage in Frameworks */,
			);
			runOnlyForDeploymentPostprocessing = 0;
		};
/* End PBXFrameworksBuildPhase section */

/* Begin PBXGroup section */
		9B3BCE092BED2767000C6057 = {
			isa = PBXGroup;
			children = (
				9B3BCE142BED2767000C6057 /* Netflix Clone */,
				9B3BCE132BED2767000C6057 /* Products */,
			);
			sourceTree = "<group>";
		};
		9B3BCE132BED2767000C6057 /* Products */ = {
			isa = PBXGroup;
			children = (
				9B3BCE122BED2767000C6057 /* Netflix Clone.app */,
			);
			name = Products;
			sourceTree = "<group>";
		};
		9B3BCE142BED2767000C6057 /* Netflix Clone */ = {
			isa = PBXGroup;
			children = (
				9B3BCE362BED2FC5000C6057 /* Managers */,
				9B3BCE352BED2FBD000C6057 /* Resources */,
				9B3BCE342BED2FA7000C6057 /* Models */,
				9B3BCE332BED2F9D000C6057 /* ViewModels */,
				9B3BCE322BED2F94000C6057 /* Views */,
				9B3BCE292BED291F000C6057 /* Controllers */,
				9B3BCE152BED2767000C6057 /* AppDelegate.swift */,
				9B3BCE172BED2767000C6057 /* SceneDelegate.swift */,
				9B3BCE192BED2767000C6057 /* MainTabBarViewController.swift */,
				9B3BCE1E2BED2769000C6057 /* Assets.xcassets */,
				9B3BCE202BED2769000C6057 /* LaunchScreen.storyboard */,
				9B3BCE232BED2769000C6057 /* Info.plist */,
			);
			path = "Netflix Clone";
			sourceTree = "<group>";
		};
		9B3BCE292BED291F000C6057 /* Controllers */ = {
			isa = PBXGroup;
			children = (
				9B3BCE2A2BED2953000C6057 /* HomeViewController.swift */,
				9B3BCE2C2BED2988000C6057 /* UpcomingViewController.swift */,
				9B3BCE2E2BED299C000C6057 /* SearchViewController.swift */,
				9B3BCE302BED29BC000C6057 /* DownloadsViewController.swift */,
			);
			path = Controllers;
			sourceTree = "<group>";
		};
		9B3BCE322BED2F94000C6057 /* Views */ = {
			isa = PBXGroup;
			children = (
				9B3BCE372BED3002000C6057 /* CollectionTableViewCell.swift */,
				9B3BCE392BEDD417000C6057 /* HeroHeaderUIView.swift */,
				9B3DED742BFF277500AA9D66 /* TitleCollectionViewCell.swift */,
				9B3DED7B2BFF36AF00AA9D66 /* TitleTableViewCell.swift */,
			);
			path = Views;
			sourceTree = "<group>";
		};
		9B3BCE332BED2F9D000C6057 /* ViewModels */ = {
			isa = PBXGroup;
			children = (
				9B3DED7D2BFF39E300AA9D66 /* TitleViewModel.swift */,
			);
			path = ViewModels;
			sourceTree = "<group>";
		};
		9B3BCE342BED2FA7000C6057 /* Models */ = {
			isa = PBXGroup;
			children = (
				9BBBA5CA2BFA035B00943DC9 /* Title.swift */,
			);
			path = Models;
			sourceTree = "<group>";
		};
		9B3BCE352BED2FBD000C6057 /* Resources */ = {
			isa = PBXGroup;
			children = (
				9B3DED702BFF206400AA9D66 /* Extensions.swift */,
			);
			path = Resources;
			sourceTree = "<group>";
		};
		9B3BCE362BED2FC5000C6057 /* Managers */ = {
			isa = PBXGroup;
			children = (
				9BBBA5C82BF9FEE000943DC9 /* APICaller.swift */,
			);
			path = Managers;
			sourceTree = "<group>";
		};
/* End PBXGroup section */

/* Begin PBXNativeTarget section */
		9B3BCE112BED2767000C6057 /* Netflix Clone */ = {
			isa = PBXNativeTarget;
			buildConfigurationList = 9B3BCE262BED2769000C6057 /* Build configuration list for PBXNativeTarget "Netflix Clone" */;
			buildPhases = (
				9B3BCE0E2BED2767000C6057 /* Sources */,
				9B3BCE0F2BED2767000C6057 /* Frameworks */,
				9B3BCE102BED2767000C6057 /* Resources */,
			);
			buildRules = (
			);
			dependencies = (
			);
			name = "Netflix Clone";
			packageProductDependencies = (
				9B3DED772BFF297400AA9D66 /* SDWebImage */,
				9B3DED792BFF297400AA9D66 /* SDWebImageMapKit */,
			);
			productName = "Netflix Clone";
			productReference = 9B3BCE122BED2767000C6057 /* Netflix Clone.app */;
			productType = "com.apple.product-type.application";
		};
/* End PBXNativeTarget section */

/* Begin PBXProject section */
		9B3BCE0A2BED2767000C6057 /* Project object */ = {
			isa = PBXProject;
			attributes = {
				BuildIndependentTargetsInParallel = 1;
				LastSwiftUpdateCheck = 1530;
				LastUpgradeCheck = 1530;
				TargetAttributes = {
					9B3BCE112BED2767000C6057 = {
						CreatedOnToolsVersion = 15.3;
					};
				};
			};
			buildConfigurationList = 9B3BCE0D2BED2767000C6057 /* Build configuration list for PBXProject "Netflix Clone" */;
			compatibilityVersion = "Xcode 14.0";
			developmentRegion = en;
			hasScannedForEncodings = 0;
			knownRegions = (
				en,
				Base,
			);
			mainGroup = 9B3BCE092BED2767000C6057;
			packageReferences = (
				9B3DED762BFF297400AA9D66 /* XCRemoteSwiftPackageReference "SDWebImage" */,
			);
			productRefGroup = 9B3BCE132BED2767000C6057 /* Products */;
			projectDirPath = "";
			projectRoot = "";
			targets = (
				9B3BCE112BED2767000C6057 /* Netflix Clone */,
			);
		};
/* End PBXProject section */

/* Begin PBXResourcesBuildPhase section */
		9B3BCE102BED2767000C6057 /* Resources */ = {
			isa = PBXResourcesBuildPhase;
			buildActionMask = 2147483647;
			files = (
				9B3BCE1F2BED2769000C6057 /* Assets.xcassets in Resources */,
				9B3BCE222BED2769000C6057 /* Base in Resources */,
			);
			runOnlyForDeploymentPostprocessing = 0;
		};
/* End PBXResourcesBuildPhase section */

/* Begin PBXSourcesBuildPhase section */
		9B3BCE0E2BED2767000C6057 /* Sources */ = {
			isa = PBXSourcesBuildPhase;
			buildActionMask = 2147483647;
			files = (
				9B3DED7C2BFF36AF00AA9D66 /* TitleTableViewCell.swift in Sources */,
				9B3BCE2F2BED299C000C6057 /* SearchViewController.swift in Sources */,
				9B3DED752BFF277500AA9D66 /* TitleCollectionViewCell.swift in Sources */,
				9B3BCE1A2BED2767000C6057 /* MainTabBarViewController.swift in Sources */,
				9B3BCE312BED29BC000C6057 /* DownloadsViewController.swift in Sources */,
				9BBBA5C92BF9FEE000943DC9 /* APICaller.swift in Sources */,
				9B3BCE3A2BEDD417000C6057 /* HeroHeaderUIView.swift in Sources */,
				9B3DED7E2BFF39E300AA9D66 /* TitleViewModel.swift in Sources */,
				9B3BCE162BED2767000C6057 /* AppDelegate.swift in Sources */,
				9B3BCE182BED2767000C6057 /* SceneDelegate.swift in Sources */,
				9B3DED712BFF206400AA9D66 /* Extensions.swift in Sources */,
				9B3BCE2D2BED2988000C6057 /* UpcomingViewController.swift in Sources */,
				9B3BCE2B2BED2953000C6057 /* HomeViewController.swift in Sources */,
				9BBBA5CB2BFA035B00943DC9 /* Title.swift in Sources */,
				9B3BCE382BED3002000C6057 /* CollectionTableViewCell.swift in Sources */,
			);
			runOnlyForDeploymentPostprocessing = 0;
		};
/* End PBXSourcesBuildPhase section */

/* Begin PBXVariantGroup section */
		9B3BCE202BED2769000C6057 /* LaunchScreen.storyboard */ = {
			isa = PBXVariantGroup;
			children = (
				9B3BCE212BED2769000C6057 /* Base */,
			);
			name = LaunchScreen.storyboard;
			sourceTree = "<group>";
		};
/* End PBXVariantGroup section */

/* Begin XCBuildConfiguration section */
		9B3BCE242BED2769000C6057 /* Debug */ = {
			isa = XCBuildConfiguration;
			buildSettings = {
				ALWAYS_SEARCH_USER_PATHS = NO;
				ASSETCATALOG_COMPILER_GENERATE_SWIFT_ASSET_SYMBOL_EXTENSIONS = YES;
				CLANG_ANALYZER_NONNULL = YES;
				CLANG_ANALYZER_NUMBER_OBJECT_CONVERSION = YES_AGGRESSIVE;
				CLANG_CXX_LANGUAGE_STANDARD = "gnu++20";
				CLANG_ENABLE_MODULES = YES;
				CLANG_ENABLE_OBJC_ARC = YES;
				CLANG_ENABLE_OBJC_WEAK = YES;
				CLANG_WARN_BLOCK_CAPTURE_AUTORELEASING = YES;
				CLANG_WARN_BOOL_CONVERSION = YES;
				CLANG_WARN_COMMA = YES;
				CLANG_WARN_CONSTANT_CONVERSION = YES;
				CLANG_WARN_DEPRECATED_OBJC_IMPLEMENTATIONS = YES;
				CLANG_WARN_DIRECT_OBJC_ISA_USAGE = YES_ERROR;
				CLANG_WARN_DOCUMENTATION_COMMENTS = YES;
				CLANG_WARN_EMPTY_BODY = YES;
				CLANG_WARN_ENUM_CONVERSION = YES;
				CLANG_WARN_INFINITE_RECURSION = YES;
				CLANG_WARN_INT_CONVERSION = YES;
				CLANG_WARN_NON_LITERAL_NULL_CONVERSION = YES;
				CLANG_WARN_OBJC_IMPLICIT_RETAIN_SELF = YES;
				CLANG_WARN_OBJC_LITERAL_CONVERSION = YES;
				CLANG_WARN_OBJC_ROOT_CLASS = YES_ERROR;
				CLANG_WARN_QUOTED_INCLUDE_IN_FRAMEWORK_HEADER = YES;
				CLANG_WARN_RANGE_LOOP_ANALYSIS = YES;
				CLANG_WARN_STRICT_PROTOTYPES = YES;
				CLANG_WARN_SUSPICIOUS_MOVE = YES;
				CLANG_WARN_UNGUARDED_AVAILABILITY = YES_AGGRESSIVE;
				CLANG_WARN_UNREACHABLE_CODE = YES;
				CLANG_WARN__DUPLICATE_METHOD_MATCH = YES;
				COPY_PHASE_STRIP = NO;
				DEBUG_INFORMATION_FORMAT = dwarf;
				ENABLE_STRICT_OBJC_MSGSEND = YES;
				ENABLE_TESTABILITY = YES;
				ENABLE_USER_SCRIPT_SANDBOXING = YES;
				GCC_C_LANGUAGE_STANDARD = gnu17;
				GCC_DYNAMIC_NO_PIC = NO;
				GCC_NO_COMMON_BLOCKS = YES;
				GCC_OPTIMIZATION_LEVEL = 0;
				GCC_PREPROCESSOR_DEFINITIONS = (
					"DEBUG=1",
					"$(inherited)",
				);
				GCC_WARN_64_TO_32_BIT_CONVERSION = YES;
				GCC_WARN_ABOUT_RETURN_TYPE = YES_ERROR;
				GCC_WARN_UNDECLARED_SELECTOR = YES;
				GCC_WARN_UNINITIALIZED_AUTOS = YES_AGGRESSIVE;
				GCC_WARN_UNUSED_FUNCTION = YES;
				GCC_WARN_UNUSED_VARIABLE = YES;
				IPHONEOS_DEPLOYMENT_TARGET = 17.4;
				LOCALIZATION_PREFERS_STRING_CATALOGS = YES;
				MTL_ENABLE_DEBUG_INFO = INCLUDE_SOURCE;
				MTL_FAST_MATH = YES;
				ONLY_ACTIVE_ARCH = YES;
				SDKROOT = iphoneos;
				SWIFT_ACTIVE_COMPILATION_CONDITIONS = "DEBUG $(inherited)";
				SWIFT_OPTIMIZATION_LEVEL = "-Onone";
			};
			name = Debug;
		};
		9B3BCE252BED2769000C6057 /* Release */ = {
			isa = XCBuildConfiguration;
			buildSettings = {
				ALWAYS_SEARCH_USER_PATHS = NO;
				ASSETCATALOG_COMPILER_GENERATE_SWIFT_ASSET_SYMBOL_EXTENSIONS = YES;
				CLANG_ANALYZER_NONNULL = YES;
				CLANG_ANALYZER_NUMBER_OBJECT_CONVERSION = YES_AGGRESSIVE;
				CLANG_CXX_LANGUAGE_STANDARD = "gnu++20";
				CLANG_ENABLE_MODULES = YES;
				CLANG_ENABLE_OBJC_ARC = YES;
				CLANG_ENABLE_OBJC_WEAK = YES;
				CLANG_WARN_BLOCK_CAPTURE_AUTORELEASING = YES;
				CLANG_WARN_BOOL_CONVERSION = YES;
				CLANG_WARN_COMMA = YES;
				CLANG_WARN_CONSTANT_CONVERSION = YES;
				CLANG_WARN_DEPRECATED_OBJC_IMPLEMENTATIONS = YES;
				CLANG_WARN_DIRECT_OBJC_ISA_USAGE = YES_ERROR;
				CLANG_WARN_DOCUMENTATION_COMMENTS = YES;
				CLANG_WARN_EMPTY_BODY = YES;
				CLANG_WARN_ENUM_CONVERSION = YES;
				CLANG_WARN_INFINITE_RECURSION = YES;
				CLANG_WARN_INT_CONVERSION = YES;
				CLANG_WARN_NON_LITERAL_NULL_CONVERSION = YES;
				CLANG_WARN_OBJC_IMPLICIT_RETAIN_SELF = YES;
				CLANG_WARN_OBJC_LITERAL_CONVERSION = YES;
				CLANG_WARN_OBJC_ROOT_CLASS = YES_ERROR;
				CLANG_WARN_QUOTED_INCLUDE_IN_FRAMEWORK_HEADER = YES;
				CLANG_WARN_RANGE_LOOP_ANALYSIS = YES;
				CLANG_WARN_STRICT_PROTOTYPES = YES;
				CLANG_WARN_SUSPICIOUS_MOVE = YES;
				CLANG_WARN_UNGUARDED_AVAILABILITY = YES_AGGRESSIVE;
				CLANG_WARN_UNREACHABLE_CODE = YES;
				CLANG_WARN__DUPLICATE_METHOD_MATCH = YES;
				COPY_PHASE_STRIP = NO;
				DEBUG_INFORMATION_FORMAT = "dwarf-with-dsym";
				ENABLE_NS_ASSERTIONS = NO;
				ENABLE_STRICT_OBJC_MSGSEND = YES;
				ENABLE_USER_SCRIPT_SANDBOXING = YES;
				GCC_C_LANGUAGE_STANDARD = gnu17;
				GCC_NO_COMMON_BLOCKS = YES;
				GCC_WARN_64_TO_32_BIT_CONVERSION = YES;
				GCC_WARN_ABOUT_RETURN_TYPE = YES_ERROR;
				GCC_WARN_UNDECLARED_SELECTOR = YES;
				GCC_WARN_UNINITIALIZED_AUTOS = YES_AGGRESSIVE;
				GCC_WARN_UNUSED_FUNCTION = YES;
				GCC_WARN_UNUSED_VARIABLE = YES;
				IPHONEOS_DEPLOYMENT_TARGET = 17.4;
				LOCALIZATION_PREFERS_STRING_CATALOGS = YES;
				MTL_ENABLE_DEBUG_INFO = NO;
				MTL_FAST_MATH = YES;
				SDKROOT = iphoneos;
				SWIFT_COMPILATION_MODE = wholemodule;
				VALIDATE_PRODUCT = YES;
			};
			name = Release;
		};
		9B3BCE272BED2769000C6057 /* Debug */ = {
			isa = XCBuildConfiguration;
			buildSettings = {
				ASSETCATALOG_COMPILER_APPICON_NAME = AppIcon;
				ASSETCATALOG_COMPILER_GLOBAL_ACCENT_COLOR_NAME = AccentColor;
				CODE_SIGN_STYLE = Automatic;
				CURRENT_PROJECT_VERSION = 1;
				DEVELOPMENT_TEAM = 98KMC955WZ;
				GENERATE_INFOPLIST_FILE = YES;
				INFOPLIST_FILE = "Netflix Clone/Info.plist";
				INFOPLIST_KEY_UIApplicationSupportsIndirectInputEvents = YES;
				INFOPLIST_KEY_UILaunchStoryboardName = LaunchScreen;
				INFOPLIST_KEY_UISupportedInterfaceOrientations_iPad = "UIInterfaceOrientationPortrait UIInterfaceOrientationPortraitUpsideDown UIInterfaceOrientationLandscapeLeft UIInterfaceOrientationLandscapeRight";
				INFOPLIST_KEY_UISupportedInterfaceOrientations_iPhone = "UIInterfaceOrientationPortrait UIInterfaceOrientationLandscapeLeft UIInterfaceOrientationLandscapeRight";
				LD_RUNPATH_SEARCH_PATHS = (
					"$(inherited)",
					"@executable_path/Frameworks",
				);
				MARKETING_VERSION = 1.0;
				PRODUCT_BUNDLE_IDENTIFIER = "com.ahmd.nabil.Netflix-Clone";
				PRODUCT_NAME = "$(TARGET_NAME)";
				SWIFT_EMIT_LOC_STRINGS = YES;
				SWIFT_VERSION = 5.0;
				TARGETED_DEVICE_FAMILY = "1,2";
			};
			name = Debug;
		};
		9B3BCE282BED2769000C6057 /* Release */ = {
			isa = XCBuildConfiguration;
			buildSettings = {
				ASSETCATALOG_COMPILER_APPICON_NAME = AppIcon;
				ASSETCATALOG_COMPILER_GLOBAL_ACCENT_COLOR_NAME = AccentColor;
				CODE_SIGN_STYLE = Automatic;
				CURRENT_PROJECT_VERSION = 1;
				DEVELOPMENT_TEAM = 98KMC955WZ;
				GENERATE_INFOPLIST_FILE = YES;
				INFOPLIST_FILE = "Netflix Clone/Info.plist";
				INFOPLIST_KEY_UIApplicationSupportsIndirectInputEvents = YES;
				INFOPLIST_KEY_UILaunchStoryboardName = LaunchScreen;
				INFOPLIST_KEY_UISupportedInterfaceOrientations_iPad = "UIInterfaceOrientationPortrait UIInterfaceOrientationPortraitUpsideDown UIInterfaceOrientationLandscapeLeft UIInterfaceOrientationLandscapeRight";
				INFOPLIST_KEY_UISupportedInterfaceOrientations_iPhone = "UIInterfaceOrientationPortrait UIInterfaceOrientationLandscapeLeft UIInterfaceOrientationLandscapeRight";
				LD_RUNPATH_SEARCH_PATHS = (
					"$(inherited)",
					"@executable_path/Frameworks",
				);
				MARKETING_VERSION = 1.0;
				PRODUCT_BUNDLE_IDENTIFIER = "com.ahmd.nabil.Netflix-Clone";
				PRODUCT_NAME = "$(TARGET_NAME)";
				SWIFT_EMIT_LOC_STRINGS = YES;
				SWIFT_VERSION = 5.0;
				TARGETED_DEVICE_FAMILY = "1,2";
			};
			name = Release;
		};
/* End XCBuildConfiguration section */

/* Begin XCConfigurationList section */
		9B3BCE0D2BED2767000C6057 /* Build configuration list for PBXProject "Netflix Clone" */ = {
			isa = XCConfigurationList;
			buildConfigurations = (
				9B3BCE242BED2769000C6057 /* Debug */,
				9B3BCE252BED2769000C6057 /* Release */,
			);
			defaultConfigurationIsVisible = 0;
			defaultConfigurationName = Release;
		};
		9B3BCE262BED2769000C6057 /* Build configuration list for PBXNativeTarget "Netflix Clone" */ = {
			isa = XCConfigurationList;
			buildConfigurations = (
				9B3BCE272BED2769000C6057 /* Debug */,
				9B3BCE282BED2769000C6057 /* Release */,
			);
			defaultConfigurationIsVisible = 0;
			defaultConfigurationName = Release;
		};
/* End XCConfigurationList section */

/* Begin XCRemoteSwiftPackageReference section */
		9B3DED762BFF297400AA9D66 /* XCRemoteSwiftPackageReference "SDWebImage" */ = {
			isa = XCRemoteSwiftPackageReference;
			repositoryURL = "https://github.com/SDWebImage/SDWebImage.git";
			requirement = {
				kind = upToNextMajorVersion;
				minimumVersion = 5.19.2;
			};
		};
/* End XCRemoteSwiftPackageReference section */

/* Begin XCSwiftPackageProductDependency section */
		9B3DED772BFF297400AA9D66 /* SDWebImage */ = {
			isa = XCSwiftPackageProductDependency;
			package = 9B3DED762BFF297400AA9D66 /* XCRemoteSwiftPackageReference "SDWebImage" */;
			productName = SDWebImage;
		};
		9B3DED792BFF297400AA9D66 /* SDWebImageMapKit */ = {
			isa = XCSwiftPackageProductDependency;
			package = 9B3DED762BFF297400AA9D66 /* XCRemoteSwiftPackageReference "SDWebImage" */;
			productName = SDWebImageMapKit;
		};
/* End XCSwiftPackageProductDependency section */
	};
	rootObject = 9B3BCE0A2BED2767000C6057 /* Project object */;
}
